{
  "version": 4,
  "terraform_version": "1.1.6",
  "serial": 10,
  "lineage": "78909237-83c5-f63f-00e7-ba6bb25812dd",
  "outputs": {},
  "resources": [
    {
      "mode": "managed",
      "type": "fastly_service_acl_entries",
      "name": "allow_list",
      "provider": "provider[\"registry.terraform.io/fastly/fastly\"]",
      "instances": [
        {
          "schema_version": 0,
          "attributes": {
            "acl_id": "2sxfcuthdK7cDb9cq3bWOa",
            "entry": [
              {
                "comment": "ACL Entry 1",
                "id": "1EtvrS6A0j87fRQXhcpiC3",
                "ip": "192.168.0.0",
                "negated": false,
                "subnet": "24"
              },
              {
                "comment": "ACL Entry 2",
                "id": "06BtibX2HQ3tI7BPvWI0mQ",
                "ip": "192.168.1.0",
                "negated": false,
                "subnet": "24"
              }
            ],
            "id": "6gjZ23Y0k6TApEs5PxzYuT/2sxfcuthdK7cDb9cq3bWOa",
            "manage_entries": null,
            "service_id": "6gjZ23Y0k6TApEs5PxzYuT"
          },
          "sensitive_attributes": [],
          "private": "eyJzY2hlbWFfdmVyc2lvbiI6IjAifQ=="
        }
      ]
    },
    {
      "mode": "managed",
      "type": "fastly_service_acl_entries",
      "name": "generated_by_ip_block_list",
      "provider": "provider[\"registry.terraform.io/fastly/fastly\"]",
      "instances": [
        {
          "schema_version": 0,
          "attributes": {
            "acl_id": "3vU7U4UgT3MqpnXU6EOwHN",
            "entry": [
              {
                "comment": "",
                "id": "0dewtUr1ntcJ31DOjIvq9x",
                "ip": "192.168.3.0",
                "negated": false,
                "subnet": ""
              },
              {
                "comment": "",
                "id": "5nIiJGjc5RR02QUebPSj6w",
                "ip": "192.168.4.0",
                "negated": false,
                "subnet": ""
              }
            ],
            "id": "6gjZ23Y0k6TApEs5PxzYuT/3vU7U4UgT3MqpnXU6EOwHN",
            "manage_entries": null,
            "service_id": "6gjZ23Y0k6TApEs5PxzYuT"
          },
          "sensitive_attributes": [],
          "private": "eyJzY2hlbWFfdmVyc2lvbiI6IjAifQ=="
        }
      ]
    },
    {
      "mode": "managed",
      "type": "fastly_service_dictionary_items",
      "name": "config_table",
      "provider": "provider[\"registry.terraform.io/fastly/fastly\"]",
      "instances": [
        {
          "schema_version": 0,
          "attributes": {
            "dictionary_id": "0P1IdeUyhNxaYAZ0fwUkp1",
            "id": "6gjZ23Y0k6TApEs5PxzYuT/0P1IdeUyhNxaYAZ0fwUkp1",
            "items": {
              "maintenance": "true",
              "otherconfig": "false"
            },
            "manage_items": null,
            "service_id": "6gjZ23Y0k6TApEs5PxzYuT"
          },
          "sensitive_attributes": [],
          "private": "eyJzY2hlbWFfdmVyc2lvbiI6IjAifQ=="
        }
      ]
    },
    {
      "mode": "managed",
      "type": "fastly_service_dictionary_items",
      "name": "redirect_table",
      "provider": "provider[\"registry.terraform.io/fastly/fastly\"]",
      "instances": [
        {
          "schema_version": 0,
          "attributes": {
            "dictionary_id": "1FdjfscwPS3Vydj41q4zXE",
            "id": "6gjZ23Y0k6TApEs5PxzYuT/1FdjfscwPS3Vydj41q4zXE",
            "items": {
              "/bar": "/image",
              "/baz": "/image",
              "/foo": "/image"
            },
            "manage_items": null,
            "service_id": "6gjZ23Y0k6TApEs5PxzYuT"
          },
          "sensitive_attributes": [],
          "private": "eyJzY2hlbWFfdmVyc2lvbiI6IjAifQ=="
        }
      ]
    },
    {
      "mode": "managed",
      "type": "fastly_service_dynamic_snippet_content",
      "name": "my_dynamic_snippet_one",
      "provider": "provider[\"registry.terraform.io/fastly/fastly\"]",
      "instances": [
        {
          "schema_version": 0,
          "attributes": {
            "content": "if ( req.url ) {\n set req.http.my-snippet-test-header-one = \"true\";\n}",
            "id": "6gjZ23Y0k6TApEs5PxzYuT/5cid7sn84z3EDFuFS6UQNn",
            "manage_snippets": null,
            "service_id": "6gjZ23Y0k6TApEs5PxzYuT",
            "snippet_id": "5cid7sn84z3EDFuFS6UQNn"
          },
          "sensitive_attributes": [],
          "private": "eyJzY2hlbWFfdmVyc2lvbiI6IjAifQ=="
        }
      ]
    },
    {
      "mode": "managed",
      "type": "fastly_service_dynamic_snippet_content",
      "name": "my_dynamic_snippet_two",
      "provider": "provider[\"registry.terraform.io/fastly/fastly\"]",
      "instances": [
        {
          "schema_version": 0,
          "attributes": {
            "content": "if ( req.url ) {\n set req.http.my-snippet-test-header-two = \"true\";\n}",
            "id": "6gjZ23Y0k6TApEs5PxzYuT/4U9GYE30Rk2jc5eL782QLh",
            "manage_snippets": null,
            "service_id": "6gjZ23Y0k6TApEs5PxzYuT",
            "snippet_id": "4U9GYE30Rk2jc5eL782QLh"
          },
          "sensitive_attributes": [],
          "private": "eyJzY2hlbWFfdmVyc2lvbiI6IjAifQ=="
        }
      ]
    },
    {
      "mode": "managed",
      "type": "fastly_service_vcl",
      "name": "service",
      "provider": "provider[\"registry.terraform.io/fastly/fastly\"]",
      "instances": [
        {
          "schema_version": 0,
          "attributes": {
            "acl": [
              {
                "acl_id": "2sxfcuthdK7cDb9cq3bWOa",
                "force_destroy": false,
                "name": "allow_list"
              },
              {
                "acl_id": "3vU7U4UgT3MqpnXU6EOwHN",
                "force_destroy": false,
                "name": "Generated_by_IP_block_list"
              }
            ],
            "activate": null,
            "active_version": 9,
            "backend": [
              {
                "address": "apps.fastly.com",
                "auto_loadbalance": false,
                "between_bytes_timeout": 10000,
                "connect_timeout": 1000,
                "error_threshold": 0,
                "first_byte_timeout": 15000,
                "healthcheck": "",
                "max_conn": 200,
                "max_tls_version": "",
                "min_tls_version": "",
                "name": "apps",
                "override_host": "",
                "port": 80,
                "request_condition": "",
                "shield": "",
                "ssl_ca_cert": "",
                "ssl_cert_hostname": "",
                "ssl_check_cert": true,
                "ssl_ciphers": "",
                "ssl_client_cert": "",
                "ssl_client_key": "",
                "ssl_hostname": "",
                "ssl_sni_hostname": "",
                "use_ssl": false,
                "weight": 9
              },
              {
                "address": "developer.fastly.com",
                "auto_loadbalance": false,
                "between_bytes_timeout": 10000,
                "connect_timeout": 1000,
                "error_threshold": 0,
                "first_byte_timeout": 15000,
                "healthcheck": "",
                "max_conn": 200,
                "max_tls_version": "",
                "min_tls_version": "",
                "name": "developer_updated",
                "override_host": "",
                "port": 80,
                "request_condition": "",
                "shield": "",
                "ssl_ca_cert": "",
                "ssl_cert_hostname": "",
                "ssl_check_cert": true,
                "ssl_ciphers": "",
                "ssl_client_cert": "",
                "ssl_client_key": "",
                "ssl_hostname": "",
                "ssl_sni_hostname": "",
                "use_ssl": false,
                "weight": 100
              },
              {
                "address": "httpbin.org",
                "auto_loadbalance": false,
                "between_bytes_timeout": 10000,
                "connect_timeout": 1000,
                "error_threshold": 0,
                "first_byte_timeout": 15000,
                "healthcheck": "",
                "max_conn": 200,
                "max_tls_version": "",
                "min_tls_version": "",
                "name": "httpbin",
                "override_host": "",
                "port": 443,
                "request_condition": "",
                "shield": "",
                "ssl_ca_cert": "",
                "ssl_cert_hostname": "httpbin.org",
                "ssl_check_cert": true,
                "ssl_ciphers": "",
                "ssl_client_cert": "",
                "ssl_client_key": "",
                "ssl_hostname": "",
                "ssl_sni_hostname": "httpbin.org",
                "use_ssl": true,
                "weight": 100
              },
              {
                "address": "www.fastly.com",
                "auto_loadbalance": false,
                "between_bytes_timeout": 10000,
                "connect_timeout": 1000,
                "error_threshold": 0,
                "first_byte_timeout": 15000,
                "healthcheck": "",
                "max_conn": 200,
                "max_tls_version": "",
                "min_tls_version": "",
                "name": "www",
                "override_host": "",
                "port": 80,
                "request_condition": "",
                "shield": "",
                "ssl_ca_cert": "",
                "ssl_cert_hostname": "",
                "ssl_check_cert": true,
                "ssl_ciphers": "",
                "ssl_client_cert": "",
                "ssl_client_key": "",
                "ssl_hostname": "",
                "ssl_sni_hostname": "",
                "use_ssl": false,
                "weight": 100
              },
              {
                "address": "www.fastlydemo.net",
                "auto_loadbalance": false,
                "between_bytes_timeout": 10000,
                "connect_timeout": 1000,
                "error_threshold": 0,
                "first_byte_timeout": 15000,
                "healthcheck": "",
                "max_conn": 200,
                "max_tls_version": "",
                "min_tls_version": "",
                "name": "demo",
                "override_host": "",
                "port": 80,
                "request_condition": "",
                "shield": "",
                "ssl_ca_cert": "",
                "ssl_cert_hostname": "",
                "ssl_check_cert": true,
                "ssl_ciphers": "",
                "ssl_client_cert": "",
                "ssl_client_key": "",
                "ssl_hostname": "",
                "ssl_sni_hostname": "",
                "use_ssl": false,
                "weight": 100
              }
            ],
            "cache_setting": [],
            "cloned_version": 9,
            "comment": "terraformify test service",
            "condition": [
              {
                "name": "Generated by IP block list",
                "priority": 0,
                "statement": "client.ip ~ Generated_by_IP_block_list",
                "type": "REQUEST"
              },
              {
                "name": "Generated by synthetic response for 404 page",
                "priority": 0,
                "statement": "beresp.status == 404",
                "type": "CACHE"
              },
              {
                "name": "Generated by synthetic response for 503 page",
                "priority": 0,
                "statement": "beresp.status == 503",
                "type": "CACHE"
              },
              {
                "name": "Generated by synthetic response for robots.txt",
                "priority": 0,
                "statement": "req.url.path == \"/robots.txt\"",
                "type": "REQUEST"
              },
              {
                "name": "WAF_Prefetch",
                "priority": 10,
                "statement": "req.backend.is_origin \u0026\u0026 !req.http.rqpass",
                "type": "PREFETCH"
              },
              {
                "name": "false",
                "priority": 10,
                "statement": "!req.url",
                "type": "REQUEST"
              },
              {
                "name": "waf-soc-logging",
                "priority": 10,
                "statement": "waf.executed",
                "type": "RESPONSE"
              }
            ],
            "default_host": "",
            "default_ttl": 3600,
            "dictionary": [
              {
                "dictionary_id": "0P1IdeUyhNxaYAZ0fwUkp1",
                "force_destroy": false,
                "name": "config_table",
                "write_only": false
              },
              {
                "dictionary_id": "1FdjfscwPS3Vydj41q4zXE",
                "force_destroy": false,
                "name": "redirect_table",
                "write_only": false
              }
            ],
            "director": [
              {
                "backends": [
                  "apps"
                ],
                "comment": "",
                "name": "director_apps",
                "quorum": 75,
                "retries": 5,
                "shield": "",
                "type": 3
              },
              {
                "backends": [
                  "demo",
                  "www"
                ],
                "comment": "",
                "name": "director_www_demo",
                "quorum": 75,
                "retries": 5,
                "shield": "",
                "type": 3
              },
              {
                "backends": [
                  "developer_updated"
                ],
                "comment": "",
                "name": "director_developer",
                "quorum": 30,
                "retries": 10,
                "shield": "",
                "type": 4
              }
            ],
            "domain": [
              {
                "comment": "",
                "name": "hkakehas.tokyo"
              },
              {
                "comment": "",
                "name": "terraformify.hkakehas.tokyo"
              }
            ],
            "dynamicsnippet": [
              {
                "name": "My Dynamic Snippet One",
                "priority": 110,
                "snippet_id": "5cid7sn84z3EDFuFS6UQNn",
                "type": "recv"
              },
              {
                "name": "My Dynamic Snippet Two",
                "priority": 110,
                "snippet_id": "4U9GYE30Rk2jc5eL782QLh",
                "type": "recv"
              }
            ],
            "force_destroy": null,
            "gzip": [
              {
                "cache_condition": "",
                "content_types": [
                  "text/html",
                  "application/x-javascript",
                  "text/css",
                  "application/javascript",
                  "text/javascript",
                  "application/json",
                  "application/vnd.ms-fontobject",
                  "application/x-font-opentype",
                  "application/x-font-truetype",
                  "application/x-font-ttf",
                  "application/xml",
                  "font/eot",
                  "font/opentype",
                  "font/otf",
                  "image/svg+xml",
                  "image/vnd.microsoft.icon",
                  "text/plain",
                  "text/xml"
                ],
                "extensions": [
                  "css",
                  "js",
                  "html",
                  "eot",
                  "ico",
                  "otf",
                  "ttf",
                  "json",
                  "svg"
                ],
                "name": "Generated by default gzip policy"
              }
            ],
            "header": [
              {
                "action": "set",
                "cache_condition": "",
                "destination": "http.Strict-Transport-Security",
                "ignore_if_set": false,
                "name": "Generated by force TLS and enable HSTS",
                "priority": 100,
                "regex": "",
                "request_condition": "",
                "response_condition": "",
                "source": "\"max-age=300\"",
                "substitution": "",
                "type": "response"
              }
            ],
            "healthcheck": [
              {
                "check_interval": 60000,
                "expected_response": 200,
                "host": "httpbin.org",
                "http_version": "1.1",
                "initial": 1,
                "method": "HEAD",
                "name": "my healthcheck",
                "path": "/200",
                "threshold": 1,
                "timeout": 5000,
                "window": 2
              }
            ],
            "id": "6gjZ23Y0k6TApEs5PxzYuT",
            "logging_bigquery": [],
            "logging_blobstorage": [],
            "logging_cloudfiles": [],
            "logging_datadog": [],
            "logging_digitalocean": [],
            "logging_elasticsearch": [],
            "logging_ftp": [],
            "logging_gcs": [],
            "logging_googlepubsub": [],
            "logging_heroku": [],
            "logging_honeycomb": [],
            "logging_https": [],
            "logging_kafka": [],
            "logging_kinesis": [],
            "logging_logentries": [],
            "logging_loggly": [],
            "logging_logshuttle": [],
            "logging_newrelic": [],
            "logging_openstack": [],
            "logging_papertrail": [
              {
                "address": "xxx.papertrail.com",
                "format": "{\n  \"type\": \"req\",\n  \"service_id\": \"%{req.service_id}V\",\n  \"request_id\": \"%{req.http.fastly-soc-x-request-id}V\",\n  \"start_time\": \"%{time.start.sec}V\",\n  \"fastly_info\": \"%{fastly_info.state}V\",\n  \"datacenter\": \"%{server.datacenter}V\",\n  \"client_ip\": \"%a\",\n  \"req_method\": \"%m\",\n  \"req_uri\": \"%{cstr_escape(req.url)}V\",\n  \"req_h_host\": \"%{cstr_escape(req.http.Host)}V\",\n  \"req_h_referer\": \"%{cstr_escape(req.http.referer)}V\",\n  \"req_h_user_agent\": \"%{cstr_escape(req.http.User-Agent)}V\",\n  \"req_h_accept_encoding\": \"%{cstr_escape(req.http.Accept-Encoding)}V\",\n  \"req_header_bytes\": \"%{req.header_bytes_read}V\",\n  \"req_body_bytes\": \"%{req.body_bytes_read}V\",\n  \"waf_logged\": \"%{waf.logged}V\",\n  \"waf_blocked\": \"%{waf.blocked}V\",\n  \"waf_failures\": \"%{waf.failures}V\",\n  \"waf_executed\": \"%{waf.executed}V\",\n  \"anomaly_score\": \"%{waf.anomaly_score}V\",\n  \"sql_injection_score\": \"%{waf.sql_injection_score}V\",\n  \"rfi_score\": \"%{waf.rfi_score}V\",\n  \"lfi_score\": \"%{waf.lfi_score}V\",\n  \"rce_score\": \"%{waf.rce_score}V\",\n  \"php_injection_score\": \"%{waf.php_injection_score}V\",\n  \"session_fixation_score\": \"%{waf.session_fixation_score}V\",\n  \"http_violation_score\": \"%{waf.http_violation_score}V\",\n  \"xss_score\": \"%{waf.xss_score}V\",\n  \"resp_status\": \"%{resp.status}V\",\n  \"resp_bytes\": \"%{resp.bytes_written}V\",\n  \"resp_header_bytes\": \"%{resp.header_bytes_written}V\",\n  \"resp_body_bytes\": \"%{resp.body_bytes_written}V\"\n}\n",
                "format_version": 2,
                "name": "weblogs",
                "placement": "",
                "port": 12345,
                "response_condition": "waf-soc-logging"
              },
              {
                "address": "xxx.papertrail.com",
                "format": "{\n  \"type\": \"waf\",\n  \"request_id\": \"%{req.http.fastly-soc-x-request-id}V\",\n  \"rule_id\": \"%{waf.rule_id}V\",\n  \"severity\": \"%{waf.severity}V\",\n  \"anomaly_score\": \"%{waf.anomaly_score}V\",\n  \"logdata\": \"%{cstr_escape(waf.logdata)}V\",\n  \"waf_message\": \"%{waf.message}V\"\n}\n",
                "format_version": 2,
                "name": "waflogs",
                "placement": "waf_debug",
                "port": 12345,
                "response_condition": ""
              }
            ],
            "logging_s3": [
              {
                "acl": "",
                "bucket_name": "my_s3_bucket",
                "compression_codec": "",
                "domain": "s3.amazonaws.com",
                "format": "{\n    \"timestamp\": \"%{strftime(\\{\"%Y-%m-%dT%H:%M:%S%z\"\\}, time.start)}V\",\n    \"client_ip\": \"%{req.http.Fastly-Client-IP}V\",\n    \"geo_country\": \"%{client.geo.country_name}V\",\n    \"geo_city\": \"%{client.geo.city}V\",\n    \"host\": \"%{if(req.http.Fastly-Orig-Host, req.http.Fastly-Orig-Host, req.http.Host)}V\",\n    \"url\": \"%{json.escape(req.url)}V\",\n    \"request_method\": \"%{json.escape(req.method)}V\",\n    \"request_protocol\": \"%{json.escape(req.proto)}V\",\n    \"request_referer\": \"%{json.escape(req.http.referer)}V\",\n    \"request_user_agent\": \"%{json.escape(req.http.User-Agent)}V\",\n    \"response_state\": \"%{json.escape(fastly_info.state)}V\",\n    \"response_status\": %{resp.status}V,\n    \"response_reason\": %{if(resp.response, \"%22\"+json.escape(resp.response)+\"%22\", \"null\")}V,\n    \"response_body_size\": %{resp.body_bytes_written}V,\n    \"fastly_server\": \"%{json.escape(server.identity)}V\",\n    \"fastly_is_edge\": %{if(fastly.ff.visits_this_service == 0, \"true\", \"false\")}V\n  }",
                "format_version": 2,
                "gzip_level": 0,
                "message_type": "blank",
                "name": "my S3 endpoint",
                "path": "/",
                "period": 3600,
                "placement": "",
                "public_key": "",
                "redundancy": "standard",
                "response_condition": "",
                "s3_access_key": "XXXXXXXX123456789123",
                "s3_iam_role": "",
                "s3_secret_key": "XXXXXXXXX1234567891234567891234567891234",
                "server_side_encryption": "",
                "server_side_encryption_kms_key_id": "",
                "timestamp_format": "%Y-%m-%dT%H:%M:%S.000"
              }
            ],
            "logging_scalyr": [],
            "logging_sftp": [],
            "logging_splunk": [],
            "logging_sumologic": [],
            "logging_syslog": [],
            "name": "terraformify.hkakehas.tokyo",
            "request_setting": [
              {
                "action": "",
                "bypass_busy_wait": false,
                "default_host": "",
                "force_miss": false,
                "force_ssl": true,
                "geo_headers": false,
                "hash_keys": "",
                "max_stale_age": 0,
                "name": "Generated by force TLS and enable HSTS",
                "request_condition": "",
                "timer_support": false,
                "xff": ""
              }
            ],
            "response_object": [
              {
                "cache_condition": "",
                "content": "",
                "content_type": "text/html",
                "name": "Generated by IP block list",
                "request_condition": "Generated by IP block list",
                "response": "Forbidden",
                "status": 403
              },
              {
                "cache_condition": "",
                "content": "User-Agent: *\nDisallow: \n\nUser-agent: AhrefsBot\nCrawl-Delay: 10",
                "content_type": "text/plain",
                "name": "Generated by synthetic response for robots.txt",
                "request_condition": "Generated by synthetic response for robots.txt",
                "response": "OK",
                "status": 200
              },
              {
                "cache_condition": "",
                "content": "{ \"Access Denied\" : \"\"} req.http.fastly-soc-x-request-id {\"\" }",
                "content_type": "application/json",
                "name": "WAF_Response",
                "request_condition": "false",
                "response": "Forbidden",
                "status": 403
              },
              {
                "cache_condition": "Generated by synthetic response for 404 page",
                "content": "\u003c!DOCTYPE html\u003e\n\u003chtml\u003e\n  \u003chead\u003e\n    \u003cmeta charset=\"UTF-8\"\u003e\n    \u003ctitle\u003emy 404\u003c/title\u003e\n  \u003c/head\u003e\n  \u003cbody\u003e\n    my 404\n  \u003c/body\u003e\n\u003c/html\u003e",
                "content_type": "text/html",
                "name": "Generated by synthetic response for 404 page",
                "request_condition": "",
                "response": "Not Found",
                "status": 404
              },
              {
                "cache_condition": "Generated by synthetic response for 503 page",
                "content": "\u003c!DOCTYPE html\u003e\n\u003chtml\u003e\n  \u003chead\u003e\n    \u003cmeta charset=\"UTF-8\"\u003e\n    \u003ctitle\u003emy 503\u003c/title\u003e\n  \u003c/head\u003e\n  \u003cbody\u003e\n    my 503\n  \u003c/body\u003e\n\u003c/html\u003e",
                "content_type": "text/html",
                "name": "Generated by synthetic response for 503 page",
                "request_condition": "",
                "response": "Service Unavailable",
                "status": 503
              }
            ],
            "snippet": [
              {
                "content": "if (!req.http.fastly-csi-request-id) {\n  set req.http.fastly-csi-request-id = now.sec substr(digest.hash_sha256(randomstr(64) req.http.host req.url req.http.Fastly-Client-IP server.identity), 0, 21);\n  set req.http.fastly-soc-x-request-id = req.http.fastly-csi-request-id;    \n}",
                "name": "fastly_csi_init",
                "priority": 5,
                "type": "recv"
              },
              {
                "content": "if (obj.status == 601 \u0026\u0026 obj.response == \"redirect\") {\n  set obj.status = 308;\n  set obj.http.Location = \"https://\" + req.http.host + table.lookup(redirect_table, req.url.path) + if (std.strlen(req.url.qs) \u003e 0, \"?\" req.url.qs, \"\");\n  return (deliver);\n}",
                "name": "error_redirects",
                "priority": 100,
                "type": "error"
              },
              {
                "content": "if (table.lookup(redirect_table, req.url.path)) {\n  error 601 \"redirect\";\n}",
                "name": "recv_redirects",
                "priority": 100,
                "type": "recv"
              },
              {
                "content": "if(fastly.ff.visits_this_service == 0 \u0026\u0026 req.http.Fastly-Client-IP !~ allow_list) {\n    error 403 \"Forbidden\";\n}",
                "name": "recv_allow_list",
                "priority": 90,
                "type": "recv"
              },
              {
                "content": "unset req.http.rqpass;\nif (!req.http.fastly-soc-x-request-id) {\n  set req.http.fastly-soc-x-request-id = digest.hash_sha256(now randomstr(64) req.http.host req.url req.http.Fastly-Client-IP server.identity);\n}",
                "name": "Fastly_WAF_Snippet",
                "priority": 10,
                "type": "recv"
              }
            ],
            "stale_if_error": true,
            "stale_if_error_ttl": 43200,
            "vcl": [
              {
                "content": "include \"config_check\";\n\nsub vcl_recv {\n  call config_check;\n#FASTLY recv\n\n  # Normally, you should consider requests other than GET and HEAD to be uncacheable\n  # (to this we add the special FASTLYPURGE method)\n  if (req.method != \"HEAD\" \u0026\u0026 req.method != \"GET\" \u0026\u0026 req.method != \"FASTLYPURGE\") {\n    return(pass);\n  }\n\n  # If you are using image optimization, insert the code to enable it here\n  # See https://developer.fastly.com/reference/io/ for more information.\n\n  return(lookup);\n}\n\nsub vcl_hash {\n  set req.hash += req.url;\n  set req.hash += req.http.host;\n  #FASTLY hash\n  return(hash);\n}\n\nsub vcl_hit {\n#FASTLY hit\n  return(deliver);\n}\n\nsub vcl_miss {\n#FASTLY miss\n  return(fetch);\n}\n\nsub vcl_pass {\n#FASTLY pass\n  return(pass);\n}\n\nsub vcl_fetch {\n#FASTLY fetch\n\n  # Unset headers that reduce cacheability for images processed using the Fastly image optimizer\n  if (req.http.X-Fastly-Imageopto-Api) {\n    unset beresp.http.Set-Cookie;\n    unset beresp.http.Vary;\n  }\n\n  # Log the number of restarts for debugging purposes\n  if (req.restarts \u003e 0) {\n    set beresp.http.Fastly-Restarts = req.restarts;\n  }\n\n  # If the response is setting a cookie, make sure it is not cached\n  if (beresp.http.Set-Cookie) {\n    return(pass);\n  }\n\n  # By default we set a TTL based on the `Cache-Control` header but we don't parse additional directives\n  # like `private` and `no-store`.  Private in particular should be respected at the edge:\n  if (beresp.http.Cache-Control ~ \"(private|no-store)\") {\n    return(pass);\n  }\n\n  # If no TTL has been provided in the response headers, set a default\n  if (!beresp.http.Expires \u0026\u0026 !beresp.http.Surrogate-Control ~ \"max-age\" \u0026\u0026 !beresp.http.Cache-Control ~ \"(s-maxage|max-age)\") {\n    set beresp.ttl = 3600s;\n\n    # Apply a longer default TTL for images processed using Image Optimizer\n    if (req.http.X-Fastly-Imageopto-Api) {\n      set beresp.ttl = 2592000s; # 30 days\n      set beresp.http.Cache-Control = \"max-age=2592000, public\";\n    }\n  }\n\n  return(deliver);\n}\n\nsub vcl_error {\n#FASTLY error\n  return(deliver);\n}\n\nsub vcl_deliver {\n#FASTLY deliver\n  return(deliver);\n}\n\nsub vcl_log {\n#FASTLY log\n}",
                "main": true,
                "name": "main"
              },
              {
                "content": "sub config_check {\n  if (table.lookup(config_table, \"maintenance\") == \"true\") {\n    error 403 \"Under Maintenance\";\n  }\n}",
                "main": false,
                "name": "config_check"
              }
            ],
            "version_comment": "",
            "waf": [
              {
                "disabled": false,
                "prefetch_condition": "WAF_Prefetch",
                "response_object": "WAF_Response",
                "waf_id": "12tI5UuMQIpy4JZgLAssUa"
              }
            ]
          },
          "sensitive_attributes": [],
          "private": "eyJzY2hlbWFfdmVyc2lvbiI6IjAifQ=="
        }
      ]
    },
    {
      "mode": "managed",
      "type": "fastly_service_waf_configuration",
      "name": "waf",
      "provider": "provider[\"registry.terraform.io/fastly/fastly\"]",
      "instances": [
        {
          "schema_version": 0,
          "attributes": {
            "activate": null,
            "active": true,
            "allowed_http_versions": "HTTP/1.0 HTTP/1.1 HTTP/2 HTTP/3",
            "allowed_methods": "GET HEAD POST OPTIONS PUT PATCH DELETE",
            "allowed_request_content_type": "application/x-www-form-urlencoded|multipart/form-data|text/xml|application/xml|application/x-amf|application/json|text/plain",
            "allowed_request_content_type_charset": "utf-8|iso-8859-1|iso-8859-15|windows-1252",
            "arg_length": 2000,
            "arg_name_length": 800,
            "cloned_version": 1,
            "combined_file_sizes": 10000000,
            "critical_anomaly_score": 5,
            "crs_validate_utf8_encoding": false,
            "error_anomaly_score": 4,
            "high_risk_country_codes": "",
            "http_violation_score_threshold": 5,
            "id": "12tI5UuMQIpy4JZgLAssUa",
            "inbound_anomaly_score_threshold": 15,
            "lfi_score_threshold": 5,
            "max_file_size": 10000000,
            "max_num_args": 255,
            "notice_anomaly_score": 2,
            "number": 1,
            "paranoia_level": 3,
            "php_injection_score_threshold": 5,
            "rce_score_threshold": 5,
            "restricted_extensions": ".asa/ .asax/ .ascx/ .backup/ .bak/ .bat/ .cdx/ .cer/ .cfg/ .cmd/ .com/ .config/ .conf/ .cs/ .csproj/ .csr/ .dat/ .db/ .dbf/ .dll/ .dos/ .htr/ .htw/ .ida/ .idc/ .idq/ .inc/ .ini/ .key/ .licx/ .lnk/ .log/ .mdb/ .old/ .pass/ .pdb/ .pol/ .printer/ .pwd/ .rdb/ .resources/ .resx/ .sql/ .swp/ .sys/ .vb/ .vbs/ .vbproj/ .vsdisco/ .webinfo/ .xsd/ .xsx/",
            "restricted_headers": "/proxy/ /lock-token/ /content-range/ /if/",
            "rfi_score_threshold": 5,
            "rule": [
              {
                "modsec_rule_id": 1010010,
                "revision": 1,
                "status": "log"
              },
              {
                "modsec_rule_id": 1010020,
                "revision": 1,
                "status": "log"
              },
              {
                "modsec_rule_id": 1010030,
                "revision": 1,
                "status": "log"
              },
              {
                "modsec_rule_id": 1010040,
                "revision": 1,
                "status": "log"
              },
              {
                "modsec_rule_id": 1010050,
                "revision": 1,
                "status": "log"
              },
              {
                "modsec_rule_id": 1010060,
                "revision": 1,
                "status": "log"
              },
              {
                "modsec_rule_id": 1010070,
                "revision": 1,
                "status": "log"
              },
              {
                "modsec_rule_id": 1010080,
                "revision": 1,
                "status": "log"
              },
              {
                "modsec_rule_id": 1010090,
                "revision": 1,
                "status": "log"
              },
              {
                "modsec_rule_id": 2100098,
                "revision": 1,
                "status": "log"
              },
              {
                "modsec_rule_id": 2100099,
                "revision": 1,
                "status": "log"
              },
              {
                "modsec_rule_id": 2100101,
                "revision": 1,
                "status": "log"
              },
              {
                "modsec_rule_id": 2100102,
                "revision": 1,
                "status": "log"
              },
              {
                "modsec_rule_id": 4100020,
                "revision": 1,
                "status": "log"
              },
              {
                "modsec_rule_id": 4112010,
                "revision": 1,
                "status": "log"
              },
              {
                "modsec_rule_id": 4112013,
                "revision": 1,
                "status": "log"
              },
              {
                "modsec_rule_id": 4112014,
                "revision": 1,
                "status": "log"
              },
              {
                "modsec_rule_id": 4112015,
                "revision": 1,
                "status": "log"
              },
              {
                "modsec_rule_id": 4112016,
                "revision": 1,
                "status": "log"
              },
              {
                "modsec_rule_id": 4112018,
                "revision": 1,
                "status": "log"
              },
              {
                "modsec_rule_id": 4112019,
                "revision": 1,
                "status": "log"
              },
              {
                "modsec_rule_id": 4112060,
                "revision": 1,
                "status": "log"
              },
              {
                "modsec_rule_id": 4113001,
                "revision": 1,
                "status": "log"
              },
              {
                "modsec_rule_id": 4113002,
                "revision": 1,
                "status": "log"
              },
              {
                "modsec_rule_id": 4113010,
                "revision": 1,
                "status": "log"
              },
              {
                "modsec_rule_id": 4113020,
                "revision": 1,
                "status": "log"
              },
              {
                "modsec_rule_id": 4113030,
                "revision": 1,
                "status": "log"
              },
              {
                "modsec_rule_id": 4113050,
                "revision": 1,
                "status": "log"
              },
              {
                "modsec_rule_id": 4114100,
                "revision": 1,
                "status": "score"
              },
              {
                "modsec_rule_id": 4114200,
                "revision": 1,
                "status": "score"
              },
              {
                "modsec_rule_id": 4114220,
                "revision": 1,
                "status": "score"
              },
              {
                "modsec_rule_id": 4114240,
                "revision": 1,
                "status": "score"
              },
              {
                "modsec_rule_id": 4114300,
                "revision": 1,
                "status": "score"
              },
              {
                "modsec_rule_id": 4120010,
                "revision": 1,
                "status": "log"
              },
              {
                "modsec_rule_id": 4120011,
                "revision": 2,
                "status": "log"
              },
              {
                "modsec_rule_id": 4134010,
                "revision": 1,
                "status": "log"
              },
              {
                "modsec_rule_id": 910100,
                "revision": 2,
                "status": "score"
              },
              {
                "modsec_rule_id": 911100,
                "revision": 1,
                "status": "score"
              },
              {
                "modsec_rule_id": 913100,
                "revision": 2,
                "status": "score"
              },
              {
                "modsec_rule_id": 913101,
                "revision": 1,
                "status": "score"
              },
              {
                "modsec_rule_id": 913102,
                "revision": 2,
                "status": "score"
              },
              {
                "modsec_rule_id": 913110,
                "revision": 1,
                "status": "score"
              },
              {
                "modsec_rule_id": 913120,
                "revision": 1,
                "status": "score"
              },
              {
                "modsec_rule_id": 920100,
                "revision": 2,
                "status": "score"
              },
              {
                "modsec_rule_id": 920120,
                "revision": 1,
                "status": "score"
              },
              {
                "modsec_rule_id": 920121,
                "revision": 1,
                "status": "score"
              },
              {
                "modsec_rule_id": 920160,
                "revision": 2,
                "status": "score"
              },
              {
                "modsec_rule_id": 920170,
                "revision": 2,
                "status": "score"
              },
              {
                "modsec_rule_id": 920171,
                "revision": 2,
                "status": "score"
              },
              {
                "modsec_rule_id": 920180,
                "revision": 2,
                "status": "score"
              },
              {
                "modsec_rule_id": 920181,
                "revision": 1,
                "status": "score"
              },
              {
                "modsec_rule_id": 920190,
                "revision": 2,
                "status": "score"
              },
              {
                "modsec_rule_id": 920200,
                "revision": 2,
                "status": "score"
              },
              {
                "modsec_rule_id": 920201,
                "revision": 2,
                "status": "score"
              },
              {
                "modsec_rule_id": 920202,
                "revision": 2,
                "status": "score"
              },
              {
                "modsec_rule_id": 920210,
                "revision": 2,
                "status": "score"
              },
              {
                "modsec_rule_id": 920220,
                "revision": 1,
                "status": "score"
              },
              {
                "modsec_rule_id": 920230,
                "revision": 1,
                "status": "score"
              },
              {
                "modsec_rule_id": 920240,
                "revision": 1,
                "status": "score"
              },
              {
                "modsec_rule_id": 920250,
                "revision": 1,
                "status": "score"
              },
              {
                "modsec_rule_id": 920260,
                "revision": 1,
                "status": "score"
              },
              {
                "modsec_rule_id": 920270,
                "revision": 2,
                "status": "score"
              },
              {
                "modsec_rule_id": 920271,
                "revision": 1,
                "status": "score"
              },
              {
                "modsec_rule_id": 920272,
                "revision": 1,
                "status": "score"
              },
              {
                "modsec_rule_id": 920273,
                "revision": 1,
                "status": "score"
              },
              {
                "modsec_rule_id": 920274,
                "revision": 2,
                "status": "score"
              },
              {
                "modsec_rule_id": 920275,
                "revision": 1,
                "status": "score"
              },
              {
                "modsec_rule_id": 920300,
                "revision": 1,
                "status": "score"
              },
              {
                "modsec_rule_id": 920310,
                "revision": 1,
                "status": "score"
              },
              {
                "modsec_rule_id": 920311,
                "revision": 1,
                "status": "score"
              },
              {
                "modsec_rule_id": 920320,
                "revision": 1,
                "status": "score"
              },
              {
                "modsec_rule_id": 920330,
                "revision": 1,
                "status": "score"
              },
              {
                "modsec_rule_id": 920340,
                "revision": 1,
                "status": "score"
              },
              {
                "modsec_rule_id": 920341,
                "revision": 1,
                "status": "score"
              },
              {
                "modsec_rule_id": 920360,
                "revision": 1,
                "status": "score"
              },
              {
                "modsec_rule_id": 920370,
                "revision": 1,
                "status": "score"
              },
              {
                "modsec_rule_id": 920380,
                "revision": 1,
                "status": "score"
              },
              {
                "modsec_rule_id": 920390,
                "revision": 1,
                "status": "score"
              },
              {
                "modsec_rule_id": 920400,
                "revision": 1,
                "status": "score"
              },
              {
                "modsec_rule_id": 920410,
                "revision": 1,
                "status": "score"
              },
              {
                "modsec_rule_id": 920420,
                "revision": 2,
                "status": "score"
              },
              {
                "modsec_rule_id": 920430,
                "revision": 1,
                "status": "score"
              },
              {
                "modsec_rule_id": 920440,
                "revision": 1,
                "status": "score"
              },
              {
                "modsec_rule_id": 920450,
                "revision": 2,
                "status": "score"
              },
              {
                "modsec_rule_id": 920460,
                "revision": 1,
                "status": "score"
              },
              {
                "modsec_rule_id": 920470,
                "revision": 2,
                "status": "score"
              },
              {
                "modsec_rule_id": 920480,
                "revision": 2,
                "status": "score"
              },
              {
                "modsec_rule_id": 920490,
                "revision": 1,
                "status": "score"
              },
              {
                "modsec_rule_id": 920500,
                "revision": 1,
                "status": "score"
              },
              {
                "modsec_rule_id": 920510,
                "revision": 1,
                "status": "score"
              },
              {
                "modsec_rule_id": 921110,
                "revision": 2,
                "status": "score"
              },
              {
                "modsec_rule_id": 921120,
                "revision": 2,
                "status": "score"
              },
              {
                "modsec_rule_id": 921130,
                "revision": 2,
                "status": "score"
              },
              {
                "modsec_rule_id": 921140,
                "revision": 2,
                "status": "score"
              },
              {
                "modsec_rule_id": 921150,
                "revision": 1,
                "status": "score"
              },
              {
                "modsec_rule_id": 921151,
                "revision": 1,
                "status": "score"
              },
              {
                "modsec_rule_id": 921160,
                "revision": 2,
                "status": "score"
              },
              {
                "modsec_rule_id": 921190,
                "revision": 1,
                "status": "score"
              },
              {
                "modsec_rule_id": 921200,
                "revision": 1,
                "status": "score"
              },
              {
                "modsec_rule_id": 930100,
                "revision": 2,
                "status": "score"
              },
              {
                "modsec_rule_id": 930110,
                "revision": 2,
                "status": "score"
              },
              {
                "modsec_rule_id": 930120,
                "revision": 2,
                "status": "score"
              },
              {
                "modsec_rule_id": 930130,
                "revision": 2,
                "status": "score"
              },
              {
                "modsec_rule_id": 931100,
                "revision": 2,
                "status": "score"
              },
              {
                "modsec_rule_id": 931110,
                "revision": 2,
                "status": "score"
              },
              {
                "modsec_rule_id": 931120,
                "revision": 1,
                "status": "score"
              },
              {
                "modsec_rule_id": 931130,
                "revision": 2,
                "status": "score"
              },
              {
                "modsec_rule_id": 932100,
                "revision": 2,
                "status": "score"
              },
              {
                "modsec_rule_id": 932101,
                "revision": 1,
                "status": "score"
              },
              {
                "modsec_rule_id": 932105,
                "revision": 1,
                "status": "score"
              },
              {
                "modsec_rule_id": 932106,
                "revision": 1,
                "status": "score"
              },
              {
                "modsec_rule_id": 932110,
                "revision": 1,
                "status": "score"
              },
              {
                "modsec_rule_id": 932115,
                "revision": 1,
                "status": "score"
              },
              {
                "modsec_rule_id": 932120,
                "revision": 1,
                "status": "score"
              },
              {
                "modsec_rule_id": 932130,
                "revision": 1,
                "status": "score"
              },
              {
                "modsec_rule_id": 932140,
                "revision": 1,
                "status": "score"
              },
              {
                "modsec_rule_id": 932150,
                "revision": 1,
                "status": "score"
              },
              {
                "modsec_rule_id": 932160,
                "revision": 1,
                "status": "score"
              },
              {
                "modsec_rule_id": 932170,
                "revision": 1,
                "status": "score"
              },
              {
                "modsec_rule_id": 932171,
                "revision": 1,
                "status": "score"
              },
              {
                "modsec_rule_id": 932180,
                "revision": 1,
                "status": "score"
              },
              {
                "modsec_rule_id": 932190,
                "revision": 1,
                "status": "score"
              },
              {
                "modsec_rule_id": 932200,
                "revision": 1,
                "status": "score"
              },
              {
                "modsec_rule_id": 933100,
                "revision": 2,
                "status": "score"
              },
              {
                "modsec_rule_id": 933110,
                "revision": 1,
                "status": "score"
              },
              {
                "modsec_rule_id": 933111,
                "revision": 1,
                "status": "score"
              },
              {
                "modsec_rule_id": 933120,
                "revision": 1,
                "status": "score"
              },
              {
                "modsec_rule_id": 933130,
                "revision": 1,
                "status": "score"
              },
              {
                "modsec_rule_id": 933131,
                "revision": 1,
                "status": "score"
              },
              {
                "modsec_rule_id": 933140,
                "revision": 1,
                "status": "score"
              },
              {
                "modsec_rule_id": 933150,
                "revision": 1,
                "status": "score"
              },
              {
                "modsec_rule_id": 933151,
                "revision": 1,
                "status": "score"
              },
              {
                "modsec_rule_id": 933160,
                "revision": 1,
                "status": "score"
              },
              {
                "modsec_rule_id": 933161,
                "revision": 1,
                "status": "score"
              },
              {
                "modsec_rule_id": 933170,
                "revision": 1,
                "status": "score"
              },
              {
                "modsec_rule_id": 933180,
                "revision": 1,
                "status": "score"
              },
              {
                "modsec_rule_id": 933190,
                "revision": 1,
                "status": "score"
              },
              {
                "modsec_rule_id": 933200,
                "revision": 1,
                "status": "score"
              },
              {
                "modsec_rule_id": 933210,
                "revision": 2,
                "status": "score"
              },
              {
                "modsec_rule_id": 934100,
                "revision": 1,
                "status": "score"
              },
              {
                "modsec_rule_id": 941100,
                "revision": 1,
                "status": "score"
              },
              {
                "modsec_rule_id": 941101,
                "revision": 1,
                "status": "score"
              },
              {
                "modsec_rule_id": 941110,
                "revision": 1,
                "status": "score"
              },
              {
                "modsec_rule_id": 941120,
                "revision": 2,
                "status": "score"
              },
              {
                "modsec_rule_id": 941130,
                "revision": 2,
                "status": "score"
              },
              {
                "modsec_rule_id": 941140,
                "revision": 1,
                "status": "score"
              },
              {
                "modsec_rule_id": 941150,
                "revision": 1,
                "status": "score"
              },
              {
                "modsec_rule_id": 941160,
                "revision": 2,
                "status": "score"
              },
              {
                "modsec_rule_id": 941170,
                "revision": 2,
                "status": "score"
              },
              {
                "modsec_rule_id": 941180,
                "revision": 1,
                "status": "score"
              },
              {
                "modsec_rule_id": 941190,
                "revision": 2,
                "status": "score"
              },
              {
                "modsec_rule_id": 941210,
                "revision": 2,
                "status": "score"
              },
              {
                "modsec_rule_id": 941220,
                "revision": 2,
                "status": "score"
              },
              {
                "modsec_rule_id": 941230,
                "revision": 2,
                "status": "score"
              },
              {
                "modsec_rule_id": 941240,
                "revision": 2,
                "status": "score"
              },
              {
                "modsec_rule_id": 941250,
                "revision": 2,
                "status": "score"
              },
              {
                "modsec_rule_id": 941260,
                "revision": 2,
                "status": "score"
              },
              {
                "modsec_rule_id": 941270,
                "revision": 2,
                "status": "score"
              },
              {
                "modsec_rule_id": 941280,
                "revision": 2,
                "status": "score"
              },
              {
                "modsec_rule_id": 941290,
                "revision": 2,
                "status": "score"
              },
              {
                "modsec_rule_id": 941300,
                "revision": 2,
                "status": "score"
              },
              {
                "modsec_rule_id": 941320,
                "revision": 1,
                "status": "score"
              },
              {
                "modsec_rule_id": 941330,
                "revision": 2,
                "status": "score"
              },
              {
                "modsec_rule_id": 941340,
                "revision": 2,
                "status": "score"
              },
              {
                "modsec_rule_id": 941360,
                "revision": 1,
                "status": "score"
              },
              {
                "modsec_rule_id": 941370,
                "revision": 2,
                "status": "score"
              },
              {
                "modsec_rule_id": 941380,
                "revision": 1,
                "status": "score"
              },
              {
                "modsec_rule_id": 942100,
                "revision": 1,
                "status": "score"
              },
              {
                "modsec_rule_id": 942101,
                "revision": 1,
                "status": "score"
              },
              {
                "modsec_rule_id": 942110,
                "revision": 1,
                "status": "score"
              },
              {
                "modsec_rule_id": 942120,
                "revision": 1,
                "status": "score"
              },
              {
                "modsec_rule_id": 942130,
                "revision": 2,
                "status": "score"
              },
              {
                "modsec_rule_id": 942140,
                "revision": 1,
                "status": "score"
              },
              {
                "modsec_rule_id": 942150,
                "revision": 1,
                "status": "score"
              },
              {
                "modsec_rule_id": 942160,
                "revision": 2,
                "status": "score"
              },
              {
                "modsec_rule_id": 942170,
                "revision": 1,
                "status": "score"
              },
              {
                "modsec_rule_id": 942180,
                "revision": 2,
                "status": "score"
              },
              {
                "modsec_rule_id": 942190,
                "revision": 2,
                "status": "score"
              },
              {
                "modsec_rule_id": 942200,
                "revision": 1,
                "status": "score"
              },
              {
                "modsec_rule_id": 942210,
                "revision": 2,
                "status": "score"
              },
              {
                "modsec_rule_id": 942220,
                "revision": 1,
                "status": "score"
              },
              {
                "modsec_rule_id": 942230,
                "revision": 2,
                "status": "score"
              },
              {
                "modsec_rule_id": 942240,
                "revision": 1,
                "status": "score"
              },
              {
                "modsec_rule_id": 942250,
                "revision": 1,
                "status": "score"
              },
              {
                "modsec_rule_id": 942251,
                "revision": 1,
                "status": "score"
              },
              {
                "modsec_rule_id": 942260,
                "revision": 2,
                "status": "score"
              },
              {
                "modsec_rule_id": 942270,
                "revision": 2,
                "status": "score"
              },
              {
                "modsec_rule_id": 942280,
                "revision": 2,
                "status": "score"
              },
              {
                "modsec_rule_id": 942290,
                "revision": 1,
                "status": "score"
              },
              {
                "modsec_rule_id": 942300,
                "revision": 2,
                "status": "score"
              },
              {
                "modsec_rule_id": 942310,
                "revision": 2,
                "status": "score"
              },
              {
                "modsec_rule_id": 942320,
                "revision": 1,
                "status": "score"
              },
              {
                "modsec_rule_id": 942330,
                "revision": 2,
                "status": "score"
              },
              {
                "modsec_rule_id": 942340,
                "revision": 1,
                "status": "score"
              },
              {
                "modsec_rule_id": 942350,
                "revision": 2,
                "status": "score"
              },
              {
                "modsec_rule_id": 942360,
                "revision": 2,
                "status": "score"
              },
              {
                "modsec_rule_id": 942361,
                "revision": 1,
                "status": "score"
              },
              {
                "modsec_rule_id": 942370,
                "revision": 1,
                "status": "score"
              },
              {
                "modsec_rule_id": 942380,
                "revision": 1,
                "status": "score"
              },
              {
                "modsec_rule_id": 942390,
                "revision": 1,
                "status": "score"
              },
              {
                "modsec_rule_id": 942400,
                "revision": 1,
                "status": "score"
              },
              {
                "modsec_rule_id": 942410,
                "revision": 1,
                "status": "score"
              },
              {
                "modsec_rule_id": 942420,
                "revision": 1,
                "status": "score"
              },
              {
                "modsec_rule_id": 942421,
                "revision": 1,
                "status": "score"
              },
              {
                "modsec_rule_id": 942430,
                "revision": 1,
                "status": "score"
              },
              {
                "modsec_rule_id": 942431,
                "revision": 1,
                "status": "score"
              },
              {
                "modsec_rule_id": 942432,
                "revision": 1,
                "status": "score"
              },
              {
                "modsec_rule_id": 942440,
                "revision": 2,
                "status": "score"
              },
              {
                "modsec_rule_id": 942450,
                "revision": 2,
                "status": "score"
              },
              {
                "modsec_rule_id": 942460,
                "revision": 1,
                "status": "score"
              },
              {
                "modsec_rule_id": 942470,
                "revision": 1,
                "status": "score"
              },
              {
                "modsec_rule_id": 942480,
                "revision": 1,
                "status": "score"
              },
              {
                "modsec_rule_id": 942490,
                "revision": 1,
                "status": "score"
              },
              {
                "modsec_rule_id": 942500,
                "revision": 2,
                "status": "score"
              },
              {
                "modsec_rule_id": 942510,
                "revision": 2,
                "status": "score"
              },
              {
                "modsec_rule_id": 942511,
                "revision": 1,
                "status": "score"
              },
              {
                "modsec_rule_id": 943100,
                "revision": 1,
                "status": "score"
              },
              {
                "modsec_rule_id": 943110,
                "revision": 2,
                "status": "score"
              },
              {
                "modsec_rule_id": 943120,
                "revision": 1,
                "status": "score"
              },
              {
                "modsec_rule_id": 944100,
                "revision": 1,
                "status": "score"
              },
              {
                "modsec_rule_id": 944110,
                "revision": 1,
                "status": "score"
              },
              {
                "modsec_rule_id": 944120,
                "revision": 2,
                "status": "score"
              },
              {
                "modsec_rule_id": 944130,
                "revision": 1,
                "status": "score"
              },
              {
                "modsec_rule_id": 944200,
                "revision": 1,
                "status": "score"
              },
              {
                "modsec_rule_id": 944210,
                "revision": 1,
                "status": "score"
              },
              {
                "modsec_rule_id": 944240,
                "revision": 2,
                "status": "score"
              },
              {
                "modsec_rule_id": 944250,
                "revision": 1,
                "status": "score"
              },
              {
                "modsec_rule_id": 944300,
                "revision": 1,
                "status": "score"
              }
            ],
            "rule_exclusion": [],
            "session_fixation_score_threshold": 5,
            "sql_injection_score_threshold": 15,
            "total_arg_length": 6400,
            "waf_id": "12tI5UuMQIpy4JZgLAssUa",
            "warning_anomaly_score": 3,
            "xss_score_threshold": 15
          },
          "sensitive_attributes": [],
          "private": "eyJzY2hlbWFfdmVyc2lvbiI6IjAifQ=="
        }
      ]
    }
  ]
}
